
Microsoft Visual Studio Solution File, Format Version 11.00
# Visual Studio 2010
Project("{FAE04EC0-301F-11D3-BF4B-00C04F79EFBC}") = "Assembly-CSharp", "Assembly-CSharp.csproj", "{a773a2b1-9b73-c7fe-874f-d4ea8b9405d3}"
EndProject
Project("{FAE04EC0-301F-11D3-BF4B-00C04F79EFBC}") = "Google.Android.AppBundle.Editor", "Google.Android.AppBundle.Editor.csproj", "{8b215dc1-7669-e671-ed46-adbe2f97bfa1}"
EndProject
Project("{FAE04EC0-301F-11D3-BF4B-00C04F79EFBC}") = "Assembly-CSharp-Editor", "Assembly-CSharp-Editor.csproj", "{a749f9df-2aff-b30e-ef21-6014df05bff9}"
EndProject
Global
	GlobalSection(SolutionConfigurationPlatforms) = preSolution
		Debug|Any CPU = Debug|Any CPU
	EndGlobalSection
	GlobalSection(ProjectConfigurationPlatforms) = postSolution
		{a773a2b1-9b73-c7fe-874f-d4ea8b9405d3}.Debug|Any CPU.ActiveCfg = Debug|Any CPU
		{a773a2b1-9b73-c7fe-874f-d4ea8b9405d3}.Debug|Any CPU.Build.0 = Debug|Any CPU
		{8b215dc1-7669-e671-ed46-adbe2f97bfa1}.Debug|Any CPU.ActiveCfg = Debug|Any CPU
		{8b215dc1-7669-e671-ed46-adbe2f97bfa1}.Debug|Any CPU.Build.0 = Debug|Any CPU
		{a749f9df-2aff-b30e-ef21-6014df05bff9}.Debug|Any CPU.ActiveCfg = Debug|Any CPU
		{a749f9df-2aff-b30e-ef21-6014df05bff9}.Debug|Any CPU.Build.0 = Debug|Any CPU
	EndGlobalSection
	GlobalSection(SolutionProperties) = preSolution
		HideSolutionNode = FALSE
	EndGlobalSection
EndGlobal
